
Microsoft Visual Studio Solution File, Format Version 12.00
# Visual Studio Version 17
VisualStudioVersion = 17.3.32929.385
MinimumVisualStudioVersion = 10.0.40219.1
Project("{FAE04EC0-301F-11D3-BF4B-00C04F79EFBC}") = "TelegramBot", "TelegramBot\TelegramBot.csproj", "{32CB07AC-A029-4AB8-BFCB-0A13E2CE00DA}"
EndProject
Global
	GlobalSection(SolutionConfigurationPlatforms) = preSolution
		Debug|Any CPU = Debug|Any CPU
		Release|Any CPU = Release|Any CPU
	EndGlobalSection
	GlobalSection(ProjectConfigurationPlatforms) = postSolution
		{32CB07AC-A029-4AB8-BFCB-0A13E2CE00DA}.Debug|Any CPU.ActiveCfg = Debug|Any CPU
		{32CB07AC-A029-4AB8-BFCB-0A13E2CE00DA}.Debug|Any CPU.Build.0 = Debug|Any CPU
		{32CB07AC-A029-4AB8-BFCB-0A13E2CE00DA}.Release|Any CPU.ActiveCfg = Release|Any CPU
		{32CB07AC-A029-4AB8-BFCB-0A13E2CE00DA}.Release|Any CPU.Build.0 = Release|Any CPU
	EndGlobalSection
	GlobalSection(SolutionProperties) = preSolution
		HideSolutionNode = FALSE
	EndGlobalSection
	GlobalSection(ExtensibilityGlobals) = postSolution
		SolutionGuid = {2556C1E5-66AA-4112-8877-B04BF23BF558}
	EndGlobalSection
EndGlobal
